
Microsoft Visual Studio Solution File, Format Version 12.00
# Visual Studio Version 17
VisualStudioVersion = 17.9.34723.18
MinimumVisualStudioVersion = 10.0.40219.1
Project("{FAE04EC0-301F-11D3-BF4B-00C04F79EFBC}") = "Atividade 4", "Atividade 4\Atividade 4.csproj", "{2FEC04FA-AB0C-4942-ABF1-F738EDDAC2AA}"
EndProject
Global
	GlobalSection(SolutionConfigurationPlatforms) = preSolution
		Debug|Any CPU = Debug|Any CPU
		Release|Any CPU = Release|Any CPU
	EndGlobalSection
	GlobalSection(ProjectConfigurationPlatforms) = postSolution
		{2FEC04FA-AB0C-4942-ABF1-F738EDDAC2AA}.Debug|Any CPU.ActiveCfg = Debug|Any CPU
		{2FEC04FA-AB0C-4942-ABF1-F738EDDAC2AA}.Debug|Any CPU.Build.0 = Debug|Any CPU
		{2FEC04FA-AB0C-4942-ABF1-F738EDDAC2AA}.Release|Any CPU.ActiveCfg = Release|Any CPU
		{2FEC04FA-AB0C-4942-ABF1-F738EDDAC2AA}.Release|Any CPU.Build.0 = Release|Any CPU
	EndGlobalSection
	GlobalSection(SolutionProperties) = preSolution
		HideSolutionNode = FALSE
	EndGlobalSection
	GlobalSection(ExtensibilityGlobals) = postSolution
		SolutionGuid = {17E6D510-2325-46B3-AB2F-76ABCAF427E6}
	EndGlobalSection
EndGlobal
